
Microsoft Visual Studio Solution File, Format Version 12.00
# Visual Studio Version 17
VisualStudioVersion = 17.9.34607.119
MinimumVisualStudioVersion = 10.0.40219.1
Project("{FAE04EC0-301F-11D3-BF4B-00C04F79EFBC}") = "Lab18", "Lab18\Lab18.csproj", "{17FA0D13-F146-4270-B704-AB2F795F66D4}"
EndProject
Global
	GlobalSection(SolutionConfigurationPlatforms) = preSolution
		Debug|Any CPU = Debug|Any CPU
		Release|Any CPU = Release|Any CPU
	EndGlobalSection
	GlobalSection(ProjectConfigurationPlatforms) = postSolution
		{17FA0D13-F146-4270-B704-AB2F795F66D4}.Debug|Any CPU.ActiveCfg = Debug|Any CPU
		{17FA0D13-F146-4270-B704-AB2F795F66D4}.Debug|Any CPU.Build.0 = Debug|Any CPU
		{17FA0D13-F146-4270-B704-AB2F795F66D4}.Release|Any CPU.ActiveCfg = Release|Any CPU
		{17FA0D13-F146-4270-B704-AB2F795F66D4}.Release|Any CPU.Build.0 = Release|Any CPU
	EndGlobalSection
	GlobalSection(SolutionProperties) = preSolution
		HideSolutionNode = FALSE
	EndGlobalSection
	GlobalSection(ExtensibilityGlobals) = postSolution
		SolutionGuid = {755FC045-589B-4EC8-98EB-7D7CF8CEC2D2}
	EndGlobalSection
EndGlobal
