
Microsoft Visual Studio Solution File, Format Version 12.00
# Visual Studio Version 16
VisualStudioVersion = 16.0.28803.156
MinimumVisualStudioVersion = 10.0.40219.1
Project("{FAE04EC0-301F-11D3-BF4B-00C04F79EFBC}") = "Lab17", "Lab17.csproj", "{FA81057C-4338-4752-8914-40772FFE7BAE}"
EndProject
Global
	GlobalSection(SolutionConfigurationPlatforms) = preSolution
		Debug|Any CPU = Debug|Any CPU
		Release|Any CPU = Release|Any CPU
	EndGlobalSection
	GlobalSection(ProjectConfigurationPlatforms) = postSolution
		{FA81057C-4338-4752-8914-40772FFE7BAE}.Debug|Any CPU.ActiveCfg = Debug|Any CPU
		{FA81057C-4338-4752-8914-40772FFE7BAE}.Debug|Any CPU.Build.0 = Debug|Any CPU
		{FA81057C-4338-4752-8914-40772FFE7BAE}.Release|Any CPU.ActiveCfg = Release|Any CPU
		{FA81057C-4338-4752-8914-40772FFE7BAE}.Release|Any CPU.Build.0 = Release|Any CPU
	EndGlobalSection
	GlobalSection(SolutionProperties) = preSolution
		HideSolutionNode = FALSE
	EndGlobalSection
	GlobalSection(ExtensibilityGlobals) = postSolution
		SolutionGuid = {7C0499B3-A276-420C-9C39-9F0FCE4AF3CC}
	EndGlobalSection
EndGlobal
